
Microsoft Visual Studio Solution File, Format Version 12.00
# Visual Studio Version 17
VisualStudioVersion = 17.11.35327.3
MinimumVisualStudioVersion = 10.0.40219.1
Project("{FAE04EC0-301F-11D3-BF4B-00C04F79EFBC}") = "WindowsFormsApp1", "WindowsFormsApp1\WindowsFormsApp1.csproj", "{135836C8-1416-4088-9104-C57CDC235E96}"
EndProject
Global
	GlobalSection(SolutionConfigurationPlatforms) = preSolution
		Debug|Any CPU = Debug|Any CPU
		Release|Any CPU = Release|Any CPU
	EndGlobalSection
	GlobalSection(ProjectConfigurationPlatforms) = postSolution
		{135836C8-1416-4088-9104-C57CDC235E96}.Debug|Any CPU.ActiveCfg = Debug|Any CPU
		{135836C8-1416-4088-9104-C57CDC235E96}.Debug|Any CPU.Build.0 = Debug|Any CPU
		{135836C8-1416-4088-9104-C57CDC235E96}.Release|Any CPU.ActiveCfg = Release|Any CPU
		{135836C8-1416-4088-9104-C57CDC235E96}.Release|Any CPU.Build.0 = Release|Any CPU
	EndGlobalSection
	GlobalSection(SolutionProperties) = preSolution
		HideSolutionNode = FALSE
	EndGlobalSection
	GlobalSection(ExtensibilityGlobals) = postSolution
		SolutionGuid = {7C6C4826-72F8-4218-8AE8-40FFBBD3FCA3}
	EndGlobalSection
EndGlobal
